
Microsoft Visual Studio Solution File, Format Version 12.00
# Visual Studio 2012
Project("{FAE04EC0-301F-11D3-BF4B-00C04F79EFBC}") = "PRCR", "PRCR\PRCR.csproj", "{3E713FD6-0726-4B43-B05A-27DBBD82EB6B}"
EndProject
Project("{FAE04EC0-301F-11D3-BF4B-00C04F79EFBC}") = "PRCRDBA", "PRCRDBA\PRCRDBA.csproj", "{27F6CF58-FE7D-40A0-BC12-39017F4D2DDA}"
EndProject
Global
	GlobalSection(SolutionConfigurationPlatforms) = preSolution
		Debug|Any CPU = Debug|Any CPU
		Release|Any CPU = Release|Any CPU
	EndGlobalSection
	GlobalSection(ProjectConfigurationPlatforms) = postSolution
		{3E713FD6-0726-4B43-B05A-27DBBD82EB6B}.Debug|Any CPU.ActiveCfg = Debug|Any CPU
		{3E713FD6-0726-4B43-B05A-27DBBD82EB6B}.Debug|Any CPU.Build.0 = Debug|Any CPU
		{3E713FD6-0726-4B43-B05A-27DBBD82EB6B}.Release|Any CPU.ActiveCfg = Release|Any CPU
		{3E713FD6-0726-4B43-B05A-27DBBD82EB6B}.Release|Any CPU.Build.0 = Release|Any CPU
		{27F6CF58-FE7D-40A0-BC12-39017F4D2DDA}.Debug|Any CPU.ActiveCfg = Debug|Any CPU
		{27F6CF58-FE7D-40A0-BC12-39017F4D2DDA}.Debug|Any CPU.Build.0 = Debug|Any CPU
		{27F6CF58-FE7D-40A0-BC12-39017F4D2DDA}.Release|Any CPU.ActiveCfg = Release|Any CPU
		{27F6CF58-FE7D-40A0-BC12-39017F4D2DDA}.Release|Any CPU.Build.0 = Release|Any CPU
	EndGlobalSection
	GlobalSection(SolutionProperties) = preSolution
		HideSolutionNode = FALSE
	EndGlobalSection
EndGlobal
